// !$*UTF8*$!
{
	archiveVersion = 1;
	classes = {
	};
	objectVersion = 46;
	objects = {

/* Begin PBXBuildFile section */
		137C25931B8D286700CFB7F8 /* main.m in Sources */ = {isa = PBXBuildFile; fileRef = 137C25921B8D286700CFB7F8 /* main.m */; };
		137C259C1B8D286700CFB7F8 /* Main.storyboard in Resources */ = {isa = PBXBuildFile; fileRef = 137C259A1B8D286700CFB7F8 /* Main.storyboard */; };
		137C259E1B8D286700CFB7F8 /* Images.xcassets in Resources */ = {isa = PBXBuildFile; fileRef = 137C259D1B8D286700CFB7F8 /* Images.xcassets */; };
		137C25A11B8D286700CFB7F8 /* LaunchScreen.xib in Resources */ = {isa = PBXBuildFile; fileRef = 137C259F1B8D286700CFB7F8 /* LaunchScreen.xib */; };
		137C25AD1B8D286700CFB7F8 /* IconCatalogTests.m in Sources */ = {isa = PBXBuildFile; fileRef = 137C25AC1B8D286700CFB7F8 /* IconCatalogTests.m */; };
		137C25BF1B8D28FA00CFB7F8 /* AppDelegate.m in Sources */ = {isa = PBXBuildFile; fileRef = 137C25B81B8D28FA00CFB7F8 /* AppDelegate.m */; };
		137C25C01B8D28FA00CFB7F8 /* ViewController.m in Sources */ = {isa = PBXBuildFile; fileRef = 137C25BA1B8D28FA00CFB7F8 /* ViewController.m */; };
		137C25CB1B8D2E8900CFB7F8 /* TBAIconView.m in Sources */ = {isa = PBXBuildFile; fileRef = 137C25C91B8D2E8900CFB7F8 /* TBAIconView.m */; };
		137C25CE1B8D2EA000CFB7F8 /* RootViewController.m in Sources */ = {isa = PBXBuildFile; fileRef = 137C25CD1B8D2EA000CFB7F8 /* RootViewController.m */; };
		137C25D21B8D33B700CFB7F8 /* TBAIconCrossMark.plist in Resources */ = {isa = PBXBuildFile; fileRef = 137C25D11B8D33B700CFB7F8 /* TBAIconCrossMark.plist */; };
/* End PBXBuildFile section */

/* Begin PBXContainerItemProxy section */
		137C25A71B8D286700CFB7F8 /* PBXContainerItemProxy */ = {
			isa = PBXContainerItemProxy;
			containerPortal = 137C25851B8D286700CFB7F8 /* Project object */;
			proxyType = 1;
			remoteGlobalIDString = 137C258C1B8D286700CFB7F8;
			remoteInfo = IconCatalog;
		};
/* End PBXContainerItemProxy section */

/* Begin PBXFileReference section */
		137C258D1B8D286700CFB7F8 /* IconCatalog.app */ = {isa = PBXFileReference; explicitFileType = wrapper.application; includeInIndex = 0; path = IconCatalog.app; sourceTree = BUILT_PRODUCTS_DIR; };
		137C25911B8D286700CFB7F8 /* Info.plist */ = {isa = PBXFileReference; lastKnownFileType = text.plist.xml; path = Info.plist; sourceTree = "<group>"; };
		137C25921B8D286700CFB7F8 /* main.m */ = {isa = PBXFileReference; lastKnownFileType = sourcecode.c.objc; path = main.m; sourceTree = "<group>"; };
		137C259B1B8D286700CFB7F8 /* Base */ = {isa = PBXFileReference; lastKnownFileType = file.storyboard; name = Base; path = Base.lproj/Main.storyboard; sourceTree = "<group>"; };
		137C259D1B8D286700CFB7F8 /* Images.xcassets */ = {isa = PBXFileReference; lastKnownFileType = folder.assetcatalog; path = Images.xcassets; sourceTree = "<group>"; };
		137C25A01B8D286700CFB7F8 /* Base */ = {isa = PBXFileReference; lastKnownFileType = file.xib; name = Base; path = Base.lproj/LaunchScreen.xib; sourceTree = "<group>"; };
		137C25A61B8D286700CFB7F8 /* IconCatalogTests.xctest */ = {isa = PBXFileReference; explicitFileType = wrapper.cfbundle; includeInIndex = 0; path = IconCatalogTests.xctest; sourceTree = BUILT_PRODUCTS_DIR; };
		137C25AB1B8D286700CFB7F8 /* Info.plist */ = {isa = PBXFileReference; lastKnownFileType = text.plist.xml; path = Info.plist; sourceTree = "<group>"; };
		137C25AC1B8D286700CFB7F8 /* IconCatalogTests.m */ = {isa = PBXFileReference; lastKnownFileType = sourcecode.c.objc; path = IconCatalogTests.m; sourceTree = "<group>"; };
		137C25B71B8D28FA00CFB7F8 /* AppDelegate.h */ = {isa = PBXFileReference; fileEncoding = 4; lastKnownFileType = sourcecode.c.h; path = AppDelegate.h; sourceTree = "<group>"; };
		137C25B81B8D28FA00CFB7F8 /* AppDelegate.m */ = {isa = PBXFileReference; fileEncoding = 4; lastKnownFileType = sourcecode.c.objc; path = AppDelegate.m; sourceTree = "<group>"; };
		137C25B91B8D28FA00CFB7F8 /* ViewController.h */ = {isa = PBXFileReference; fileEncoding = 4; lastKnownFileType = sourcecode.c.h; path = ViewController.h; sourceTree = "<group>"; };
		137C25BA1B8D28FA00CFB7F8 /* ViewController.m */ = {isa = PBXFileReference; fileEncoding = 4; lastKnownFileType = sourcecode.c.objc; path = ViewController.m; sourceTree = "<group>"; };
		137C25C61B8D2E8900CFB7F8 /* IconKit.h */ = {isa = PBXFileReference; fileEncoding = 4; lastKnownFileType = sourcecode.c.h; path = IconKit.h; sourceTree = "<group>"; };
		137C25C81B8D2E8900CFB7F8 /* TBAIconView.h */ = {isa = PBXFileReference; fileEncoding = 4; lastKnownFileType = sourcecode.c.h; path = TBAIconView.h; sourceTree = "<group>"; };
		137C25C91B8D2E8900CFB7F8 /* TBAIconView.m */ = {isa = PBXFileReference; fileEncoding = 4; lastKnownFileType = sourcecode.c.objc; path = TBAIconView.m; sourceTree = "<group>"; };
		137C25CC1B8D2EA000CFB7F8 /* RootViewController.h */ = {isa = PBXFileReference; fileEncoding = 4; lastKnownFileType = sourcecode.c.h; path = RootViewController.h; sourceTree = "<group>"; };
		137C25CD1B8D2EA000CFB7F8 /* RootViewController.m */ = {isa = PBXFileReference; fileEncoding = 4; lastKnownFileType = sourcecode.c.objc; path = RootViewController.m; sourceTree = "<group>"; };
		137C25D11B8D33B700CFB7F8 /* TBAIconCrossMark.plist */ = {isa = PBXFileReference; fileEncoding = 4; lastKnownFileType = text.plist.xml; path = TBAIconCrossMark.plist; sourceTree = "<group>"; };
/* End PBXFileReference section */

/* Begin PBXFrameworksBuildPhase section */
		137C258A1B8D286700CFB7F8 /* Frameworks */ = {
			isa = PBXFrameworksBuildPhase;
			buildActionMask = 2147483647;
			files = (
			);
			runOnlyForDeploymentPostprocessing = 0;
		};
		137C25A31B8D286700CFB7F8 /* Frameworks */ = {
			isa = PBXFrameworksBuildPhase;
			buildActionMask = 2147483647;
			files = (
			);
			runOnlyForDeploymentPostprocessing = 0;
		};
/* End PBXFrameworksBuildPhase section */

/* Begin PBXGroup section */
		137C25841B8D286700CFB7F8 = {
			isa = PBXGroup;
			children = (
				137C25C51B8D2E8900CFB7F8 /* IconKit */,
				137C258F1B8D286700CFB7F8 /* IconCatalog */,
				137C25A91B8D286700CFB7F8 /* IconCatalogTests */,
				137C258E1B8D286700CFB7F8 /* Products */,
			);
			sourceTree = "<group>";
		};
		137C258E1B8D286700CFB7F8 /* Products */ = {
			isa = PBXGroup;
			children = (
				137C258D1B8D286700CFB7F8 /* IconCatalog.app */,
				137C25A61B8D286700CFB7F8 /* IconCatalogTests.xctest */,
			);
			name = Products;
			sourceTree = "<group>";
		};
		137C258F1B8D286700CFB7F8 /* IconCatalog */ = {
			isa = PBXGroup;
			children = (
				137C25B61B8D28FA00CFB7F8 /* Classes */,
				137C25BB1B8D28FA00CFB7F8 /* Resources */,
				137C259A1B8D286700CFB7F8 /* Main.storyboard */,
				137C259D1B8D286700CFB7F8 /* Images.xcassets */,
				137C259F1B8D286700CFB7F8 /* LaunchScreen.xib */,
				137C25901B8D286700CFB7F8 /* Supporting Files */,
			);
			path = IconCatalog;
			sourceTree = "<group>";
		};
		137C25901B8D286700CFB7F8 /* Supporting Files */ = {
			isa = PBXGroup;
			children = (
				137C25911B8D286700CFB7F8 /* Info.plist */,
				137C25921B8D286700CFB7F8 /* main.m */,
			);
			name = "Supporting Files";
			sourceTree = "<group>";
		};
		137C25A91B8D286700CFB7F8 /* IconCatalogTests */ = {
			isa = PBXGroup;
			children = (
				137C25AC1B8D286700CFB7F8 /* IconCatalogTests.m */,
				137C25AA1B8D286700CFB7F8 /* Supporting Files */,
			);
			path = IconCatalogTests;
			sourceTree = "<group>";
		};
		137C25AA1B8D286700CFB7F8 /* Supporting Files */ = {
			isa = PBXGroup;
			children = (
				137C25AB1B8D286700CFB7F8 /* Info.plist */,
			);
			name = "Supporting Files";
			sourceTree = "<group>";
		};
		137C25B61B8D28FA00CFB7F8 /* Classes */ = {
			isa = PBXGroup;
			children = (
				137C25B71B8D28FA00CFB7F8 /* AppDelegate.h */,
				137C25B81B8D28FA00CFB7F8 /* AppDelegate.m */,
				137C25CC1B8D2EA000CFB7F8 /* RootViewController.h */,
				137C25CD1B8D2EA000CFB7F8 /* RootViewController.m */,
				137C25B91B8D28FA00CFB7F8 /* ViewController.h */,
				137C25BA1B8D28FA00CFB7F8 /* ViewController.m */,
			);
			path = Classes;
			sourceTree = "<group>";
		};
		137C25BB1B8D28FA00CFB7F8 /* Resources */ = {
			isa = PBXGroup;
			children = (
				137C25BC1B8D28FA00CFB7F8 /* Audio */,
				137C25BD1B8D28FA00CFB7F8 /* Data */,
				137C25BE1B8D28FA00CFB7F8 /* Graphics */,
			);
			path = Resources;
			sourceTree = "<group>";
		};
		137C25BC1B8D28FA00CFB7F8 /* Audio */ = {
			isa = PBXGroup;
			children = (
			);
			path = Audio;
			sourceTree = "<group>";
		};
		137C25BD1B8D28FA00CFB7F8 /* Data */ = {
			isa = PBXGroup;
			children = (
			);
			path = Data;
			sourceTree = "<group>";
		};
		137C25BE1B8D28FA00CFB7F8 /* Graphics */ = {
			isa = PBXGroup;
			children = (
			);
			path = Graphics;
			sourceTree = "<group>";
		};
		137C25C51B8D2E8900CFB7F8 /* IconKit */ = {
			isa = PBXGroup;
			children = (
				137C25C61B8D2E8900CFB7F8 /* IconKit.h */,
				137C25C81B8D2E8900CFB7F8 /* TBAIconView.h */,
				137C25C91B8D2E8900CFB7F8 /* TBAIconView.m */,
				137C25D11B8D33B700CFB7F8 /* TBAIconCrossMark.plist */,
			);
			name = IconKit;
			path = ../../IconKit;
			sourceTree = "<group>";
		};
/* End PBXGroup section */

/* Begin PBXNativeTarget section */
		137C258C1B8D286700CFB7F8 /* IconCatalog */ = {
			isa = PBXNativeTarget;
			buildConfigurationList = 137C25B01B8D286700CFB7F8 /* Build configuration list for PBXNativeTarget "IconCatalog" */;
			buildPhases = (
				137C25891B8D286700CFB7F8 /* Sources */,
				137C258A1B8D286700CFB7F8 /* Frameworks */,
				137C258B1B8D286700CFB7F8 /* Resources */,
			);
			buildRules = (
			);
			dependencies = (
			);
			name = IconCatalog;
			productName = IconCatalog;
			productReference = 137C258D1B8D286700CFB7F8 /* IconCatalog.app */;
			productType = "com.apple.product-type.application";
		};
		137C25A51B8D286700CFB7F8 /* IconCatalogTests */ = {
			isa = PBXNativeTarget;
			buildConfigurationList = 137C25B31B8D286700CFB7F8 /* Build configuration list for PBXNativeTarget "IconCatalogTests" */;
			buildPhases = (
				137C25A21B8D286700CFB7F8 /* Sources */,
				137C25A31B8D286700CFB7F8 /* Frameworks */,
				137C25A41B8D286700CFB7F8 /* Resources */,
			);
			buildRules = (
			);
			dependencies = (
				137C25A81B8D286700CFB7F8 /* PBXTargetDependency */,
			);
			name = IconCatalogTests;
			productName = IconCatalogTests;
			productReference = 137C25A61B8D286700CFB7F8 /* IconCatalogTests.xctest */;
			productType = "com.apple.product-type.bundle.unit-test";
		};
/* End PBXNativeTarget section */

/* Begin PBXProject section */
		137C25851B8D286700CFB7F8 /* Project object */ = {
			isa = PBXProject;
			attributes = {
				LastUpgradeCheck = 0640;
				ORGANIZATIONNAME = "Xiao Yao";
				TargetAttributes = {
					137C258C1B8D286700CFB7F8 = {
						CreatedOnToolsVersion = 6.4;
					};
					137C25A51B8D286700CFB7F8 = {
						CreatedOnToolsVersion = 6.4;
						TestTargetID = 137C258C1B8D286700CFB7F8;
					};
				};
			};
			buildConfigurationList = 137C25881B8D286700CFB7F8 /* Build configuration list for PBXProject "IconCatalog" */;
			compatibilityVersion = "Xcode 3.2";
			developmentRegion = English;
			hasScannedForEncodings = 0;
			knownRegions = (
				en,
				Base,
			);
			mainGroup = 137C25841B8D286700CFB7F8;
			productRefGroup = 137C258E1B8D286700CFB7F8 /* Products */;
			projectDirPath = "";
			projectRoot = "";
			targets = (
				137C258C1B8D286700CFB7F8 /* IconCatalog */,
				137C25A51B8D286700CFB7F8 /* IconCatalogTests */,
			);
		};
/* End PBXProject section */

/* Begin PBXResourcesBuildPhase section */
		137C258B1B8D286700CFB7F8 /* Resources */ = {
			isa = PBXResourcesBuildPhase;
			buildActionMask = 2147483647;
			files = (
				137C259C1B8D286700CFB7F8 /* Main.storyboard in Resources */,
				137C25D21B8D33B700CFB7F8 /* TBAIconCrossMark.plist in Resources */,
				137C25A11B8D286700CFB7F8 /* LaunchScreen.xib in Resources */,
				137C259E1B8D286700CFB7F8 /* Images.xcassets in Resources */,
			);
			runOnlyForDeploymentPostprocessing = 0;
		};
		137C25A41B8D286700CFB7F8 /* Resources */ = {
			isa = PBXResourcesBuildPhase;
			buildActionMask = 2147483647;
			files = (
			);
			runOnlyForDeploymentPostprocessing = 0;
		};
/* End PBXResourcesBuildPhase section */

/* Begin PBXSourcesBuildPhase section */
		137C25891B8D286700CFB7F8 /* Sources */ = {
			isa = PBXSourcesBuildPhase;
			buildActionMask = 2147483647;
			files = (
				137C25C01B8D28FA00CFB7F8 /* ViewController.m in Sources */,
				137C25BF1B8D28FA00CFB7F8 /* AppDelegate.m in Sources */,
				137C25931B8D286700CFB7F8 /* main.m in Sources */,
				137C25CB1B8D2E8900CFB7F8 /* TBAIconView.m in Sources */,
				137C25CE1B8D2EA000CFB7F8 /* RootViewController.m in Sources */,
			);
			runOnlyForDeploymentPostprocessing = 0;
		};
		137C25A21B8D286700CFB7F8 /* Sources */ = {
			isa = PBXSourcesBuildPhase;
			buildActionMask = 2147483647;
			files = (
				137C25AD1B8D286700CFB7F8 /* IconCatalogTests.m in Sources */,
			);
			runOnlyForDeploymentPostprocessing = 0;
		};
/* End PBXSourcesBuildPhase section */

/* Begin PBXTargetDependency section */
		137C25A81B8D286700CFB7F8 /* PBXTargetDependency */ = {
			isa = PBXTargetDependency;
			target = 137C258C1B8D286700CFB7F8 /* IconCatalog */;
			targetProxy = 137C25A71B8D286700CFB7F8 /* PBXContainerItemProxy */;
		};
/* End PBXTargetDependency section */

/* Begin PBXVariantGroup section */
		137C259A1B8D286700CFB7F8 /* Main.storyboard */ = {
			isa = PBXVariantGroup;
			children = (
				137C259B1B8D286700CFB7F8 /* Base */,
			);
			name = Main.storyboard;
			sourceTree = "<group>";
		};
		137C259F1B8D286700CFB7F8 /* LaunchScreen.xib */ = {
			isa = PBXVariantGroup;
			children = (
				137C25A01B8D286700CFB7F8 /* Base */,
			);
			name = LaunchScreen.xib;
			sourceTree = "<group>";
		};
/* End PBXVariantGroup section */

/* Begin XCBuildConfiguration section */
		137C25AE1B8D286700CFB7F8 /* Debug */ = {
			isa = XCBuildConfiguration;
			buildSettings = {
				ALWAYS_SEARCH_USER_PATHS = NO;
				CLANG_CXX_LANGUAGE_STANDARD = "gnu++0x";
				CLANG_CXX_LIBRARY = "libc++";
				CLANG_ENABLE_MODULES = YES;
				CLANG_ENABLE_OBJC_ARC = YES;
				CLANG_WARN_BOOL_CONVERSION = YES;
				CLANG_WARN_CONSTANT_CONVERSION = YES;
				CLANG_WARN_DIRECT_OBJC_ISA_USAGE = YES_ERROR;
				CLANG_WARN_EMPTY_BODY = YES;
				CLANG_WARN_ENUM_CONVERSION = YES;
				CLANG_WARN_INT_CONVERSION = YES;
				CLANG_WARN_OBJC_ROOT_CLASS = YES_ERROR;
				CLANG_WARN_UNREACHABLE_CODE = YES;
				CLANG_WARN__DUPLICATE_METHOD_MATCH = YES;
				"CODE_SIGN_IDENTITY[sdk=iphoneos*]" = "iPhone Developer";
				COPY_PHASE_STRIP = NO;
				DEBUG_INFORMATION_FORMAT = "dwarf-with-dsym";
				ENABLE_STRICT_OBJC_MSGSEND = YES;
				GCC_C_LANGUAGE_STANDARD = gnu99;
				GCC_DYNAMIC_NO_PIC = NO;
				GCC_NO_COMMON_BLOCKS = YES;
				GCC_OPTIMIZATION_LEVEL = 0;
				GCC_PREPROCESSOR_DEFINITIONS = (
					"DEBUG=1",
					"$(inherited)",
				);
				GCC_SYMBOLS_PRIVATE_EXTERN = NO;
				GCC_WARN_64_TO_32_BIT_CONVERSION = YES;
				GCC_WARN_ABOUT_RETURN_TYPE = YES_ERROR;
				GCC_WARN_UNDECLARED_SELECTOR = YES;
				GCC_WARN_UNINITIALIZED_AUTOS = YES_AGGRESSIVE;
				GCC_WARN_UNUSED_FUNCTION = YES;
				GCC_WARN_UNUSED_VARIABLE = YES;
				IPHONEOS_DEPLOYMENT_TARGET = 8.4;
				MTL_ENABLE_DEBUG_INFO = YES;
				ONLY_ACTIVE_ARCH = YES;
				SDKROOT = iphoneos;
				TARGETED_DEVICE_FAMILY = "1,2";
			};
			name = Debug;
		};
		137C25AF1B8D286700CFB7F8 /* Release */ = {
			isa = XCBuildConfiguration;
			buildSettings = {
				ALWAYS_SEARCH_USER_PATHS = NO;
				CLANG_CXX_LANGUAGE_STANDARD = "gnu++0x";
				CLANG_CXX_LIBRARY = "libc++";
				CLANG_ENABLE_MODULES = YES;
				CLANG_ENABLE_OBJC_ARC = YES;
				CLANG_WARN_BOOL_CONVERSION = YES;
				CLANG_WARN_CONSTANT_CONVERSION = YES;
				CLANG_WARN_DIRECT_OBJC_ISA_USAGE = YES_ERROR;
				CLANG_WARN_EMPTY_BODY = YES;
				CLANG_WARN_ENUM_CONVERSION = YES;
				CLANG_WARN_INT_CONVERSION = YES;
				CLANG_WARN_OBJC_ROOT_CLASS = YES_ERROR;
				CLANG_WARN_UNREACHABLE_CODE = YES;
				CLANG_WARN__DUPLICATE_METHOD_MATCH = YES;
				"CODE_SIGN_IDENTITY[sdk=iphoneos*]" = "iPhone Developer";
				COPY_PHASE_STRIP = NO;
				DEBUG_INFORMATION_FORMAT = "dwarf-with-dsym";
				ENABLE_NS_ASSERTIONS = NO;
				ENABLE_STRICT_OBJC_MSGSEND = YES;
				GCC_C_LANGUAGE_STANDARD = gnu99;
				GCC_NO_COMMON_BLOCKS = YES;
				GCC_WARN_64_TO_32_BIT_CONVERSION = YES;
				GCC_WARN_ABOUT_RETURN_TYPE = YES_ERROR;
				GCC_WARN_UNDECLARED_SELECTOR = YES;
				GCC_WARN_UNINITIALIZED_AUTOS = YES_AGGRESSIVE;
				GCC_WARN_UNUSED_FUNCTION = YES;
				GCC_WARN_UNUSED_VARIABLE = YES;
				IPHONEOS_DEPLOYMENT_TARGET = 8.4;
				MTL_ENABLE_DEBUG_INFO = NO;
				SDKROOT = iphoneos;
				TARGETED_DEVICE_FAMILY = "1,2";
				VALIDATE_PRODUCT = YES;
			};
			name = Release;
		};
		137C25B11B8D286700CFB7F8 /* Debug */ = {
			isa = XCBuildConfiguration;
			buildSettings = {
				ASSETCATALOG_COMPILER_APPICON_NAME = AppIcon;
				INFOPLIST_FILE = IconCatalog/Info.plist;
				LD_RUNPATH_SEARCH_PATHS = "$(inherited) @executable_path/Frameworks";
				PRODUCT_NAME = "$(TARGET_NAME)";
			};
			name = Debug;
		};
		137C25B21B8D286700CFB7F8 /* Release */ = {
			isa = XCBuildConfiguration;
			buildSettings = {
				ASSETCATALOG_COMPILER_APPICON_NAME = AppIcon;
				INFOPLIST_FILE = IconCatalog/Info.plist;
				LD_RUNPATH_SEARCH_PATHS = "$(inherited) @executable_path/Frameworks";
				PRODUCT_NAME = "$(TARGET_NAME)";
			};
			name = Release;
		};
		137C25B41B8D286700CFB7F8 /* Debug */ = {
			isa = XCBuildConfiguration;
			buildSettings = {
				BUNDLE_LOADER = "$(TEST_HOST)";
				FRAMEWORK_SEARCH_PATHS = (
					"$(SDKROOT)/Developer/Library/Frameworks",
					"$(inherited)",
				);
				GCC_PREPROCESSOR_DEFINITIONS = (
					"DEBUG=1",
					"$(inherited)",
				);
				INFOPLIST_FILE = IconCatalogTests/Info.plist;
				LD_RUNPATH_SEARCH_PATHS = "$(inherited) @executable_path/Frameworks @loader_path/Frameworks";
				PRODUCT_NAME = "$(TARGET_NAME)";
				TEST_HOST = "$(BUILT_PRODUCTS_DIR)/IconCatalog.app/IconCatalog";
			};
			name = Debug;
		};
		137C25B51B8D286700CFB7F8 /* Release */ = {
			isa = XCBuildConfiguration;
			buildSettings = {
				BUNDLE_LOADER = "$(TEST_HOST)";
				FRAMEWORK_SEARCH_PATHS = (
					"$(SDKROOT)/Developer/Library/Frameworks",
					"$(inherited)",
				);
				INFOPLIST_FILE = IconCatalogTests/Info.plist;
				LD_RUNPATH_SEARCH_PATHS = "$(inherited) @executable_path/Frameworks @loader_path/Frameworks";
				PRODUCT_NAME = "$(TARGET_NAME)";
				TEST_HOST = "$(BUILT_PRODUCTS_DIR)/IconCatalog.app/IconCatalog";
			};
			name = Release;
		};
/* End XCBuildConfiguration section */

/* Begin XCConfigurationList section */
		137C25881B8D286700CFB7F8 /* Build configuration list for PBXProject "IconCatalog" */ = {
			isa = XCConfigurationList;
			buildConfigurations = (
				137C25AE1B8D286700CFB7F8 /* Debug */,
				137C25AF1B8D286700CFB7F8 /* Release */,
			);
			defaultConfigurationIsVisible = 0;
			defaultConfigurationName = Release;
		};
		137C25B01B8D286700CFB7F8 /* Build configuration list for PBXNativeTarget "IconCatalog" */ = {
			isa = XCConfigurationList;
			buildConfigurations = (
				137C25B11B8D286700CFB7F8 /* Debug */,
				137C25B21B8D286700CFB7F8 /* Release */,
			);
			defaultConfigurationIsVisible = 0;
			defaultConfigurationName = Release;
		};
		137C25B31B8D286700CFB7F8 /* Build configuration list for PBXNativeTarget "IconCatalogTests" */ = {
			isa = XCConfigurationList;
			buildConfigurations = (
				137C25B41B8D286700CFB7F8 /* Debug */,
				137C25B51B8D286700CFB7F8 /* Release */,
			);
			defaultConfigurationIsVisible = 0;
			defaultConfigurationName = Release;
		};
/* End XCConfigurationList section */
	};
	rootObject = 137C25851B8D286700CFB7F8 /* Project object */;
}
